github.com/moonfdd/ffmpeg-go v0.0.0-20230312012703-645db7644c54/go.mod h1:/IOm58TbyzXZ3aQrYqaz4TSu+UO6exa4Sdc4kIiWWsA=
github.com/moonfdd/ffmpeg-go v0.0.0-20230312072009-4eb267d2a1f0 h1:V+ZCoyDKvsBUrBZ3M9eA13ZEMDgdGhNmWT7Ym3WecDs=
github.com/moonfdd/ffmpeg-go v0.0.0-20230312072009-4eb267d2a1f0/go.mod h1:/IOm58TbyzXZ3aQrYqaz4TSu+UO6exa4Sdc4kIiWWsA=
github.com/ying32/dylib v0.0.0-20220227124818-fdf9ea9fbc96 h1:+kU/yXSAQPL4G7OQOxz/j62GdM+G5yd5J1/NNm7u3QI=
github.com/ying32/dylib v0.0.0-20220227124818-fdf9ea9fbc96/go.mod h1:WPBTfbqg/aA1xqHFPB4fgBHETq/G/75yErbnexmaEOo=
